
Microsoft Visual Studio Solution File, Format Version 12.00
Project("{FAE04EC0-301F-11D3-BF4B-00C04F79EFBC}") = "PdfLibCore", "src\PdfLibCore\PdfLibCore.csproj", "{30AE626B-48CC-42F7-8FBA-C4BCC379581F}"
EndProject
Project("{FAE04EC0-301F-11D3-BF4B-00C04F79EFBC}") = "ExampleApp", "src\ExampleApp\ExampleApp.csproj", "{09AC490D-E1EB-442D-B48C-42DBE6EB6948}"
EndProject
Project("{FAE04EC0-301F-11D3-BF4B-00C04F79EFBC}") = "PdfLibCore.ImageSharp", "src\PdfLibCore.ImageSharp\PdfLibCore.ImageSharp.csproj", "{5E0525AA-DF07-4F5A-8A80-2C54E922047D}"
EndProject
Project("{FAE04EC0-301F-11D3-BF4B-00C04F79EFBC}") = "PdfLibCore.MagickNet", "src\PdfLibCore.MagickNet\PdfLibCore.MagickNet.csproj", "{043157F2-19A4-42CD-9768-C72D95A08F34}"
EndProject
Project("{FAE04EC0-301F-11D3-BF4B-00C04F79EFBC}") = "PdfLibCore.SkiaSharp", "src\PdfLibCore.SkiaSharp\PdfLibCore.SkiaSharp.csproj", "{3679701B-B0F9-40AD-B340-4838A698D991}"
EndProject
Project("{FAE04EC0-301F-11D3-BF4B-00C04F79EFBC}") = "PdfLibCore.FreeImage", "src\PdfLibCore.FreeImage\PdfLibCore.FreeImage.csproj", "{0A84A8FC-D7C4-4D1D-B223-D884C97828B2}"
EndProject
Project("{2150E333-8FDC-42A3-9474-1A3956D46DE8}") = "UnitTests", "UnitTests", "{820F5B9F-0B28-41E1-8D72-243F000A2C1C}"
EndProject
Project("{FAE04EC0-301F-11D3-BF4B-00C04F79EFBC}") = "PdfLibCore.UnitTests", "src\UnitTests\PdfLibCore.UnitTests\PdfLibCore.UnitTests.csproj", "{AFCCC5F8-6BB1-466E-A69F-2EE2ADC59CFC}"
EndProject
Project("{2150E333-8FDC-42A3-9474-1A3956D46DE8}") = "Solution Items", "Solution Items", "{4781BB81-D064-44FC-994D-9C2568A05560}"
ProjectSection(SolutionItems) = preProject
	LICENSE.txt = LICENSE.txt
	README.md = README.md
	tools\get_pdfium.sh = tools\get_pdfium.sh
	tools\build_nuget.sh = tools\build_nuget.sh
EndProjectSection
EndProject
Global
	GlobalSection(SolutionConfigurationPlatforms) = preSolution
		Debug|Any CPU = Debug|Any CPU
		Release|Any CPU = Release|Any CPU
	EndGlobalSection
	GlobalSection(ProjectConfigurationPlatforms) = postSolution
		{30AE626B-48CC-42F7-8FBA-C4BCC379581F}.Debug|Any CPU.ActiveCfg = Debug|Any CPU
		{30AE626B-48CC-42F7-8FBA-C4BCC379581F}.Debug|Any CPU.Build.0 = Debug|Any CPU
		{30AE626B-48CC-42F7-8FBA-C4BCC379581F}.Release|Any CPU.ActiveCfg = Release|Any CPU
		{30AE626B-48CC-42F7-8FBA-C4BCC379581F}.Release|Any CPU.Build.0 = Release|Any CPU
		{09AC490D-E1EB-442D-B48C-42DBE6EB6948}.Debug|Any CPU.ActiveCfg = Debug|Any CPU
		{09AC490D-E1EB-442D-B48C-42DBE6EB6948}.Debug|Any CPU.Build.0 = Debug|Any CPU
		{09AC490D-E1EB-442D-B48C-42DBE6EB6948}.Release|Any CPU.ActiveCfg = Release|Any CPU
		{09AC490D-E1EB-442D-B48C-42DBE6EB6948}.Release|Any CPU.Build.0 = Release|Any CPU
		{5E0525AA-DF07-4F5A-8A80-2C54E922047D}.Debug|Any CPU.ActiveCfg = Debug|Any CPU
		{5E0525AA-DF07-4F5A-8A80-2C54E922047D}.Debug|Any CPU.Build.0 = Debug|Any CPU
		{5E0525AA-DF07-4F5A-8A80-2C54E922047D}.Release|Any CPU.ActiveCfg = Release|Any CPU
		{5E0525AA-DF07-4F5A-8A80-2C54E922047D}.Release|Any CPU.Build.0 = Release|Any CPU
		{043157F2-19A4-42CD-9768-C72D95A08F34}.Debug|Any CPU.ActiveCfg = Debug|Any CPU
		{043157F2-19A4-42CD-9768-C72D95A08F34}.Debug|Any CPU.Build.0 = Debug|Any CPU
		{043157F2-19A4-42CD-9768-C72D95A08F34}.Release|Any CPU.ActiveCfg = Release|Any CPU
		{043157F2-19A4-42CD-9768-C72D95A08F34}.Release|Any CPU.Build.0 = Release|Any CPU
		{3679701B-B0F9-40AD-B340-4838A698D991}.Debug|Any CPU.ActiveCfg = Debug|Any CPU
		{3679701B-B0F9-40AD-B340-4838A698D991}.Debug|Any CPU.Build.0 = Debug|Any CPU
		{3679701B-B0F9-40AD-B340-4838A698D991}.Release|Any CPU.ActiveCfg = Release|Any CPU
		{3679701B-B0F9-40AD-B340-4838A698D991}.Release|Any CPU.Build.0 = Release|Any CPU
		{0A84A8FC-D7C4-4D1D-B223-D884C97828B2}.Debug|Any CPU.ActiveCfg = Debug|Any CPU
		{0A84A8FC-D7C4-4D1D-B223-D884C97828B2}.Debug|Any CPU.Build.0 = Debug|Any CPU
		{0A84A8FC-D7C4-4D1D-B223-D884C97828B2}.Release|Any CPU.ActiveCfg = Release|Any CPU
		{0A84A8FC-D7C4-4D1D-B223-D884C97828B2}.Release|Any CPU.Build.0 = Release|Any CPU
		{AFCCC5F8-6BB1-466E-A69F-2EE2ADC59CFC}.Debug|Any CPU.ActiveCfg = Debug|Any CPU
		{AFCCC5F8-6BB1-466E-A69F-2EE2ADC59CFC}.Debug|Any CPU.Build.0 = Debug|Any CPU
		{AFCCC5F8-6BB1-466E-A69F-2EE2ADC59CFC}.Release|Any CPU.ActiveCfg = Release|Any CPU
		{AFCCC5F8-6BB1-466E-A69F-2EE2ADC59CFC}.Release|Any CPU.Build.0 = Release|Any CPU
	EndGlobalSection
	GlobalSection(NestedProjects) = preSolution
		{AFCCC5F8-6BB1-466E-A69F-2EE2ADC59CFC} = {820F5B9F-0B28-41E1-8D72-243F000A2C1C}
	EndGlobalSection
EndGlobal
